// !$*UTF8*$!
{
	archiveVersion = 1;
	classes = {
	};
	objectVersion = 48;
	objects = {

/* Begin PBXBuildFile section */
		8A0F3FDD201170DB00C55E80 /* EditQuestionViewController.swift in Sources */ = {isa = PBXBuildFile; fileRef = 8A0F3FDC201170DB00C55E80 /* EditQuestionViewController.swift */; };
		8A0F3FDF20117A2900C55E80 /* EditAnswersViewController.swift in Sources */ = {isa = PBXBuildFile; fileRef = 8A0F3FDE20117A2900C55E80 /* EditAnswersViewController.swift */; };
		8A243CE82007EF7900790308 /* Helper.swift in Sources */ = {isa = PBXBuildFile; fileRef = 8A243CE72007EF7900790308 /* Helper.swift */; };
		8AA125232007B90E006D92A1 /* AppDelegate.swift in Sources */ = {isa = PBXBuildFile; fileRef = 8AA125222007B90E006D92A1 /* AppDelegate.swift */; };
		8AA125252007B90E006D92A1 /* MainViewController.swift in Sources */ = {isa = PBXBuildFile; fileRef = 8AA125242007B90E006D92A1 /* MainViewController.swift */; };
		8AA125282007B90E006D92A1 /* Main.storyboard in Resources */ = {isa = PBXBuildFile; fileRef = 8AA125262007B90E006D92A1 /* Main.storyboard */; };
		8AA1252B2007B90E006D92A1 /* Quizware.xcdatamodeld in Sources */ = {isa = PBXBuildFile; fileRef = 8AA125292007B90E006D92A1 /* Quizware.xcdatamodeld */; };
		8AA1252D2007B90E006D92A1 /* Assets.xcassets in Resources */ = {isa = PBXBuildFile; fileRef = 8AA1252C2007B90E006D92A1 /* Assets.xcassets */; };
		8AA125302007B90E006D92A1 /* LaunchScreen.storyboard in Resources */ = {isa = PBXBuildFile; fileRef = 8AA1252E2007B90E006D92A1 /* LaunchScreen.storyboard */; };
		8AD77C7F200D129600CAB1C9 /* EditQuizViewController.swift in Sources */ = {isa = PBXBuildFile; fileRef = 8AD77C7E200D129600CAB1C9 /* EditQuizViewController.swift */; };
		8AE34917200E369900DF9A64 /* FontAwesomeImageRepresentable.swift in Sources */ = {isa = PBXBuildFile; fileRef = 8AE3490B200E369700DF9A64 /* FontAwesomeImageRepresentable.swift */; };
		8AE34918200E369900DF9A64 /* FontAwesomeView.swift in Sources */ = {isa = PBXBuildFile; fileRef = 8AE3490C200E369700DF9A64 /* FontAwesomeView.swift */; };
		8AE34919200E369900DF9A64 /* FontAwesomeImageView.swift in Sources */ = {isa = PBXBuildFile; fileRef = 8AE3490D200E369700DF9A64 /* FontAwesomeImageView.swift */; };
		8AE3491A200E369900DF9A64 /* FontAwesomeStateRequirement.swift in Sources */ = {isa = PBXBuildFile; fileRef = 8AE3490E200E369700DF9A64 /* FontAwesomeStateRequirement.swift */; };
		8AE3491B200E369900DF9A64 /* FontAwesomeTextRepresentable.swift in Sources */ = {isa = PBXBuildFile; fileRef = 8AE3490F200E369700DF9A64 /* FontAwesomeTextRepresentable.swift */; };
		8AE3491C200E369900DF9A64 /* FontAwesome.otf in Resources */ = {isa = PBXBuildFile; fileRef = 8AE34910200E369700DF9A64 /* FontAwesome.otf */; };
		8AE3491D200E369900DF9A64 /* Enum.swift in Sources */ = {isa = PBXBuildFile; fileRef = 8AE34911200E369800DF9A64 /* Enum.swift */; };
		8AE3491E200E369900DF9A64 /* FontAwesomeSegmentedControl.swift in Sources */ = {isa = PBXBuildFile; fileRef = 8AE34912200E369800DF9A64 /* FontAwesomeSegmentedControl.swift */; };
		8AE3491F200E369900DF9A64 /* FontAwesomeTabBarItem.swift in Sources */ = {isa = PBXBuildFile; fileRef = 8AE34914200E369900DF9A64 /* FontAwesomeTabBarItem.swift */; };
		8AE34920200E369900DF9A64 /* FontAwesome.swift in Sources */ = {isa = PBXBuildFile; fileRef = 8AE34915200E369900DF9A64 /* FontAwesome.swift */; };
		8AE34921200E369900DF9A64 /* FontAwesomeBarButtonItem.swift in Sources */ = {isa = PBXBuildFile; fileRef = 8AE34916200E369900DF9A64 /* FontAwesomeBarButtonItem.swift */; };
/* End PBXBuildFile section */

/* Begin PBXFileReference section */
		8A0F3FDC201170DB00C55E80 /* EditQuestionViewController.swift */ = {isa = PBXFileReference; lastKnownFileType = sourcecode.swift; path = EditQuestionViewController.swift; sourceTree = "<group>"; };
		8A0F3FDE20117A2900C55E80 /* EditAnswersViewController.swift */ = {isa = PBXFileReference; lastKnownFileType = sourcecode.swift; path = EditAnswersViewController.swift; sourceTree = "<group>"; };
		8A243CE72007EF7900790308 /* Helper.swift */ = {isa = PBXFileReference; lastKnownFileType = sourcecode.swift; path = Helper.swift; sourceTree = "<group>"; };
		8AA1251F2007B90E006D92A1 /* Quizware.app */ = {isa = PBXFileReference; explicitFileType = wrapper.application; includeInIndex = 0; path = Quizware.app; sourceTree = BUILT_PRODUCTS_DIR; };
		8AA125222007B90E006D92A1 /* AppDelegate.swift */ = {isa = PBXFileReference; lastKnownFileType = sourcecode.swift; path = AppDelegate.swift; sourceTree = "<group>"; };
		8AA125242007B90E006D92A1 /* MainViewController.swift */ = {isa = PBXFileReference; lastKnownFileType = sourcecode.swift; path = MainViewController.swift; sourceTree = "<group>"; };
		8AA125272007B90E006D92A1 /* Base */ = {isa = PBXFileReference; lastKnownFileType = file.storyboard; name = Base; path = Base.lproj/Main.storyboard; sourceTree = "<group>"; };
		8AA1252A2007B90E006D92A1 /* Quizware.xcdatamodel */ = {isa = PBXFileReference; lastKnownFileType = wrapper.xcdatamodel; path = Quizware.xcdatamodel; sourceTree = "<group>"; };
		8AA1252C2007B90E006D92A1 /* Assets.xcassets */ = {isa = PBXFileReference; lastKnownFileType = folder.assetcatalog; path = Assets.xcassets; sourceTree = "<group>"; };
		8AA1252F2007B90E006D92A1 /* Base */ = {isa = PBXFileReference; lastKnownFileType = file.storyboard; name = Base; path = Base.lproj/LaunchScreen.storyboard; sourceTree = "<group>"; };
		8AA125312007B90E006D92A1 /* Info.plist */ = {isa = PBXFileReference; lastKnownFileType = text.plist.xml; path = Info.plist; sourceTree = "<group>"; };
		8AD77C7E200D129600CAB1C9 /* EditQuizViewController.swift */ = {isa = PBXFileReference; lastKnownFileType = sourcecode.swift; path = EditQuizViewController.swift; sourceTree = "<group>"; };
		8AE3490B200E369700DF9A64 /* FontAwesomeImageRepresentable.swift */ = {isa = PBXFileReference; fileEncoding = 4; lastKnownFileType = sourcecode.swift; path = FontAwesomeImageRepresentable.swift; sourceTree = "<group>"; };
		8AE3490C200E369700DF9A64 /* FontAwesomeView.swift */ = {isa = PBXFileReference; fileEncoding = 4; lastKnownFileType = sourcecode.swift; path = FontAwesomeView.swift; sourceTree = "<group>"; };
		8AE3490D200E369700DF9A64 /* FontAwesomeImageView.swift */ = {isa = PBXFileReference; fileEncoding = 4; lastKnownFileType = sourcecode.swift; path = FontAwesomeImageView.swift; sourceTree = "<group>"; };
		8AE3490E200E369700DF9A64 /* FontAwesomeStateRequirement.swift */ = {isa = PBXFileReference; fileEncoding = 4; lastKnownFileType = sourcecode.swift; path = FontAwesomeStateRequirement.swift; sourceTree = "<group>"; };
		8AE3490F200E369700DF9A64 /* FontAwesomeTextRepresentable.swift */ = {isa = PBXFileReference; fileEncoding = 4; lastKnownFileType = sourcecode.swift; path = FontAwesomeTextRepresentable.swift; sourceTree = "<group>"; };
		8AE34910200E369700DF9A64 /* FontAwesome.otf */ = {isa = PBXFileReference; lastKnownFileType = file; path = FontAwesome.otf; sourceTree = "<group>"; };
		8AE34911200E369800DF9A64 /* Enum.swift */ = {isa = PBXFileReference; fileEncoding = 4; lastKnownFileType = sourcecode.swift; path = Enum.swift; sourceTree = "<group>"; };
		8AE34912200E369800DF9A64 /* FontAwesomeSegmentedControl.swift */ = {isa = PBXFileReference; fileEncoding = 4; lastKnownFileType = sourcecode.swift; path = FontAwesomeSegmentedControl.swift; sourceTree = "<group>"; };
		8AE34913200E369800DF9A64 /* FontAwesome.h */ = {isa = PBXFileReference; fileEncoding = 4; lastKnownFileType = sourcecode.c.h; path = FontAwesome.h; sourceTree = "<group>"; };
		8AE34914200E369900DF9A64 /* FontAwesomeTabBarItem.swift */ = {isa = PBXFileReference; fileEncoding = 4; lastKnownFileType = sourcecode.swift; path = FontAwesomeTabBarItem.swift; sourceTree = "<group>"; };
		8AE34915200E369900DF9A64 /* FontAwesome.swift */ = {isa = PBXFileReference; fileEncoding = 4; lastKnownFileType = sourcecode.swift; path = FontAwesome.swift; sourceTree = "<group>"; };
		8AE34916200E369900DF9A64 /* FontAwesomeBarButtonItem.swift */ = {isa = PBXFileReference; fileEncoding = 4; lastKnownFileType = sourcecode.swift; path = FontAwesomeBarButtonItem.swift; sourceTree = "<group>"; };
/* End PBXFileReference section */

/* Begin PBXFrameworksBuildPhase section */
		8AA1251C2007B90E006D92A1 /* Frameworks */ = {
			isa = PBXFrameworksBuildPhase;
			buildActionMask = 2147483647;
			files = (
			);
			runOnlyForDeploymentPostprocessing = 0;
		};
/* End PBXFrameworksBuildPhase section */

/* Begin PBXGroup section */
		8AA125162007B90E006D92A1 = {
			isa = PBXGroup;
			children = (
				8AA125212007B90E006D92A1 /* Quizware */,
				8AA125202007B90E006D92A1 /* Products */,
			);
			sourceTree = "<group>";
		};
		8AA125202007B90E006D92A1 /* Products */ = {
			isa = PBXGroup;
			children = (
				8AA1251F2007B90E006D92A1 /* Quizware.app */,
			);
			name = Products;
			sourceTree = "<group>";
		};
		8AA125212007B90E006D92A1 /* Quizware */ = {
			isa = PBXGroup;
			children = (
				8AE3490A200E366100DF9A64 /* FontAwesome */,
				8AA125222007B90E006D92A1 /* AppDelegate.swift */,
				8AA125242007B90E006D92A1 /* MainViewController.swift */,
				8AA125262007B90E006D92A1 /* Main.storyboard */,
				8AA1252C2007B90E006D92A1 /* Assets.xcassets */,
				8AA1252E2007B90E006D92A1 /* LaunchScreen.storyboard */,
				8AA125312007B90E006D92A1 /* Info.plist */,
				8AA125292007B90E006D92A1 /* Quizware.xcdatamodeld */,
				8A243CE72007EF7900790308 /* Helper.swift */,
				8AD77C7E200D129600CAB1C9 /* EditQuizViewController.swift */,
				8A0F3FDC201170DB00C55E80 /* EditQuestionViewController.swift */,
				8A0F3FDE20117A2900C55E80 /* EditAnswersViewController.swift */,
			);
			path = Quizware;
			sourceTree = "<group>";
		};
		8AE3490A200E366100DF9A64 /* FontAwesome */ = {
			isa = PBXGroup;
			children = (
				8AE34911200E369800DF9A64 /* Enum.swift */,
				8AE34913200E369800DF9A64 /* FontAwesome.h */,
				8AE34910200E369700DF9A64 /* FontAwesome.otf */,
				8AE34915200E369900DF9A64 /* FontAwesome.swift */,
				8AE34916200E369900DF9A64 /* FontAwesomeBarButtonItem.swift */,
				8AE3490B200E369700DF9A64 /* FontAwesomeImageRepresentable.swift */,
				8AE3490D200E369700DF9A64 /* FontAwesomeImageView.swift */,
				8AE34912200E369800DF9A64 /* FontAwesomeSegmentedControl.swift */,
				8AE3490E200E369700DF9A64 /* FontAwesomeStateRequirement.swift */,
				8AE34914200E369900DF9A64 /* FontAwesomeTabBarItem.swift */,
				8AE3490F200E369700DF9A64 /* FontAwesomeTextRepresentable.swift */,
				8AE3490C200E369700DF9A64 /* FontAwesomeView.swift */,
			);
			path = FontAwesome;
			sourceTree = "<group>";
		};
/* End PBXGroup section */

/* Begin PBXNativeTarget section */
		8AA1251E2007B90E006D92A1 /* Quizware */ = {
			isa = PBXNativeTarget;
			buildConfigurationList = 8AA125342007B90E006D92A1 /* Build configuration list for PBXNativeTarget "Quizware" */;
			buildPhases = (
				8AA1251B2007B90E006D92A1 /* Sources */,
				8AA1251C2007B90E006D92A1 /* Frameworks */,
				8AA1251D2007B90E006D92A1 /* Resources */,
			);
			buildRules = (
			);
			dependencies = (
			);
			name = Quizware;
			productName = Quizware;
			productReference = 8AA1251F2007B90E006D92A1 /* Quizware.app */;
			productType = "com.apple.product-type.application";
		};
/* End PBXNativeTarget section */

/* Begin PBXProject section */
		8AA125172007B90E006D92A1 /* Project object */ = {
			isa = PBXProject;
			attributes = {
				LastSwiftUpdateCheck = 0910;
				LastUpgradeCheck = 0910;
				ORGANIZATIONNAME = TechReviews;
				TargetAttributes = {
					8AA1251E2007B90E006D92A1 = {
						CreatedOnToolsVersion = 9.1;
						ProvisioningStyle = Automatic;
					};
				};
			};
			buildConfigurationList = 8AA1251A2007B90E006D92A1 /* Build configuration list for PBXProject "Quizware" */;
			compatibilityVersion = "Xcode 8.0";
			developmentRegion = en;
			hasScannedForEncodings = 0;
			knownRegions = (
				en,
				Base,
			);
			mainGroup = 8AA125162007B90E006D92A1;
			productRefGroup = 8AA125202007B90E006D92A1 /* Products */;
			projectDirPath = "";
			projectRoot = "";
			targets = (
				8AA1251E2007B90E006D92A1 /* Quizware */,
			);
		};
/* End PBXProject section */

/* Begin PBXResourcesBuildPhase section */
		8AA1251D2007B90E006D92A1 /* Resources */ = {
			isa = PBXResourcesBuildPhase;
			buildActionMask = 2147483647;
			files = (
				8AA125302007B90E006D92A1 /* LaunchScreen.storyboard in Resources */,
				8AA1252D2007B90E006D92A1 /* Assets.xcassets in Resources */,
				8AE3491C200E369900DF9A64 /* FontAwesome.otf in Resources */,
				8AA125282007B90E006D92A1 /* Main.storyboard in Resources */,
			);
			runOnlyForDeploymentPostprocessing = 0;
		};
/* End PBXResourcesBuildPhase section */

/* Begin PBXSourcesBuildPhase section */
		8AA1251B2007B90E006D92A1 /* Sources */ = {
			isa = PBXSourcesBuildPhase;
			buildActionMask = 2147483647;
			files = (
				8A0F3FDD201170DB00C55E80 /* EditQuestionViewController.swift in Sources */,
				8AA125252007B90E006D92A1 /* MainViewController.swift in Sources */,
				8AE34917200E369900DF9A64 /* FontAwesomeImageRepresentable.swift in Sources */,
				8AA125232007B90E006D92A1 /* AppDelegate.swift in Sources */,
				8AE34919200E369900DF9A64 /* FontAwesomeImageView.swift in Sources */,
				8AE3491D200E369900DF9A64 /* Enum.swift in Sources */,
				8AE3491B200E369900DF9A64 /* FontAwesomeTextRepresentable.swift in Sources */,
				8AA1252B2007B90E006D92A1 /* Quizware.xcdatamodeld in Sources */,
				8AE34921200E369900DF9A64 /* FontAwesomeBarButtonItem.swift in Sources */,
				8AE3491F200E369900DF9A64 /* FontAwesomeTabBarItem.swift in Sources */,
				8AE3491A200E369900DF9A64 /* FontAwesomeStateRequirement.swift in Sources */,
				8A0F3FDF20117A2900C55E80 /* EditAnswersViewController.swift in Sources */,
				8AE34918200E369900DF9A64 /* FontAwesomeView.swift in Sources */,
				8A243CE82007EF7900790308 /* Helper.swift in Sources */,
				8AD77C7F200D129600CAB1C9 /* EditQuizViewController.swift in Sources */,
				8AE34920200E369900DF9A64 /* FontAwesome.swift in Sources */,
				8AE3491E200E369900DF9A64 /* FontAwesomeSegmentedControl.swift in Sources */,
			);
			runOnlyForDeploymentPostprocessing = 0;
		};
/* End PBXSourcesBuildPhase section */

/* Begin PBXVariantGroup section */
		8AA125262007B90E006D92A1 /* Main.storyboard */ = {
			isa = PBXVariantGroup;
			children = (
				8AA125272007B90E006D92A1 /* Base */,
			);
			name = Main.storyboard;
			sourceTree = "<group>";
		};
		8AA1252E2007B90E006D92A1 /* LaunchScreen.storyboard */ = {
			isa = PBXVariantGroup;
			children = (
				8AA1252F2007B90E006D92A1 /* Base */,
			);
			name = LaunchScreen.storyboard;
			sourceTree = "<group>";
		};
/* End PBXVariantGroup section */

/* Begin XCBuildConfiguration section */
		8AA125322007B90E006D92A1 /* Debug */ = {
			isa = XCBuildConfiguration;
			buildSettings = {
				ALWAYS_SEARCH_USER_PATHS = NO;
				CLANG_ANALYZER_NONNULL = YES;
				CLANG_ANALYZER_NUMBER_OBJECT_CONVERSION = YES_AGGRESSIVE;
				CLANG_CXX_LANGUAGE_STANDARD = "gnu++14";
				CLANG_CXX_LIBRARY = "libc++";
				CLANG_ENABLE_MODULES = YES;
				CLANG_ENABLE_OBJC_ARC = YES;
				CLANG_WARN_BLOCK_CAPTURE_AUTORELEASING = YES;
				CLANG_WARN_BOOL_CONVERSION = YES;
				CLANG_WARN_COMMA = YES;
				CLANG_WARN_CONSTANT_CONVERSION = YES;
				CLANG_WARN_DIRECT_OBJC_ISA_USAGE = YES_ERROR;
				CLANG_WARN_DOCUMENTATION_COMMENTS = YES;
				CLANG_WARN_EMPTY_BODY = YES;
				CLANG_WARN_ENUM_CONVERSION = YES;
				CLANG_WARN_INFINITE_RECURSION = YES;
				CLANG_WARN_INT_CONVERSION = YES;
				CLANG_WARN_NON_LITERAL_NULL_CONVERSION = YES;
				CLANG_WARN_OBJC_LITERAL_CONVERSION = YES;
				CLANG_WARN_OBJC_ROOT_CLASS = YES_ERROR;
				CLANG_WARN_RANGE_LOOP_ANALYSIS = YES;
				CLANG_WARN_STRICT_PROTOTYPES = YES;
				CLANG_WARN_SUSPICIOUS_MOVE = YES;
				CLANG_WARN_UNGUARDED_AVAILABILITY = YES_AGGRESSIVE;
				CLANG_WARN_UNREACHABLE_CODE = YES;
				CLANG_WARN__DUPLICATE_METHOD_MATCH = YES;
				CODE_SIGN_IDENTITY = "iPhone Developer";
				COPY_PHASE_STRIP = NO;
				DEBUG_INFORMATION_FORMAT = dwarf;
				ENABLE_STRICT_OBJC_MSGSEND = YES;
				ENABLE_TESTABILITY = YES;
				GCC_C_LANGUAGE_STANDARD = gnu11;
				GCC_DYNAMIC_NO_PIC = NO;
				GCC_NO_COMMON_BLOCKS = YES;
				GCC_OPTIMIZATION_LEVEL = 0;
				GCC_PREPROCESSOR_DEFINITIONS = (
					"DEBUG=1",
					"$(inherited)",
				);
				GCC_WARN_64_TO_32_BIT_CONVERSION = YES;
				GCC_WARN_ABOUT_RETURN_TYPE = YES_ERROR;
				GCC_WARN_UNDECLARED_SELECTOR = YES;
				GCC_WARN_UNINITIALIZED_AUTOS = YES_AGGRESSIVE;
				GCC_WARN_UNUSED_FUNCTION = YES;
				GCC_WARN_UNUSED_VARIABLE = YES;
				IPHONEOS_DEPLOYMENT_TARGET = 11.1;
				MTL_ENABLE_DEBUG_INFO = YES;
				ONLY_ACTIVE_ARCH = YES;
				SDKROOT = iphoneos;
				SWIFT_ACTIVE_COMPILATION_CONDITIONS = DEBUG;
				SWIFT_OPTIMIZATION_LEVEL = "-Onone";
			};
			name = Debug;
		};
		8AA125332007B90E006D92A1 /* Release */ = {
			isa = XCBuildConfiguration;
			buildSettings = {
				ALWAYS_SEARCH_USER_PATHS = NO;
				CLANG_ANALYZER_NONNULL = YES;
				CLANG_ANALYZER_NUMBER_OBJECT_CONVERSION = YES_AGGRESSIVE;
				CLANG_CXX_LANGUAGE_STANDARD = "gnu++14";
				CLANG_CXX_LIBRARY = "libc++";
				CLANG_ENABLE_MODULES = YES;
				CLANG_ENABLE_OBJC_ARC = YES;
				CLANG_WARN_BLOCK_CAPTURE_AUTORELEASING = YES;
				CLANG_WARN_BOOL_CONVERSION = YES;
				CLANG_WARN_COMMA = YES;
				CLANG_WARN_CONSTANT_CONVERSION = YES;
				CLANG_WARN_DIRECT_OBJC_ISA_USAGE = YES_ERROR;
				CLANG_WARN_DOCUMENTATION_COMMENTS = YES;
				CLANG_WARN_EMPTY_BODY = YES;
				CLANG_WARN_ENUM_CONVERSION = YES;
				CLANG_WARN_INFINITE_RECURSION = YES;
				CLANG_WARN_INT_CONVERSION = YES;
				CLANG_WARN_NON_LITERAL_NULL_CONVERSION = YES;
				CLANG_WARN_OBJC_LITERAL_CONVERSION = YES;
				CLANG_WARN_OBJC_ROOT_CLASS = YES_ERROR;
				CLANG_WARN_RANGE_LOOP_ANALYSIS = YES;
				CLANG_WARN_STRICT_PROTOTYPES = YES;
				CLANG_WARN_SUSPICIOUS_MOVE = YES;
				CLANG_WARN_UNGUARDED_AVAILABILITY = YES_AGGRESSIVE;
				CLANG_WARN_UNREACHABLE_CODE = YES;
				CLANG_WARN__DUPLICATE_METHOD_MATCH = YES;
				CODE_SIGN_IDENTITY = "iPhone Developer";
				COPY_PHASE_STRIP = NO;
				DEBUG_INFORMATION_FORMAT = "dwarf-with-dsym";
				ENABLE_NS_ASSERTIONS = NO;
				ENABLE_STRICT_OBJC_MSGSEND = YES;
				GCC_C_LANGUAGE_STANDARD = gnu11;
				GCC_NO_COMMON_BLOCKS = YES;
				GCC_WARN_64_TO_32_BIT_CONVERSION = YES;
				GCC_WARN_ABOUT_RETURN_TYPE = YES_ERROR;
				GCC_WARN_UNDECLARED_SELECTOR = YES;
				GCC_WARN_UNINITIALIZED_AUTOS = YES_AGGRESSIVE;
				GCC_WARN_UNUSED_FUNCTION = YES;
				GCC_WARN_UNUSED_VARIABLE = YES;
				IPHONEOS_DEPLOYMENT_TARGET = 11.1;
				MTL_ENABLE_DEBUG_INFO = NO;
				SDKROOT = iphoneos;
				SWIFT_OPTIMIZATION_LEVEL = "-Owholemodule";
				VALIDATE_PRODUCT = YES;
			};
			name = Release;
		};
		8AA125352007B90E006D92A1 /* Debug */ = {
			isa = XCBuildConfiguration;
			buildSettings = {
				ASSETCATALOG_COMPILER_APPICON_NAME = AppIcon;
				CODE_SIGN_STYLE = Automatic;
				DEVELOPMENT_TEAM = M6GBWQX8ML;
				INFOPLIST_FILE = Quizware/Info.plist;
				LD_RUNPATH_SEARCH_PATHS = "$(inherited) @executable_path/Frameworks";
				PRODUCT_BUNDLE_IDENTIFIER = com.paynetech.Quizware;
				PRODUCT_NAME = "$(TARGET_NAME)";
				SWIFT_VERSION = 4.0;
				TARGETED_DEVICE_FAMILY = "1,2";
			};
			name = Debug;
		};
		8AA125362007B90E006D92A1 /* Release */ = {
			isa = XCBuildConfiguration;
			buildSettings = {
				ASSETCATALOG_COMPILER_APPICON_NAME = AppIcon;
				CODE_SIGN_STYLE = Automatic;
				DEVELOPMENT_TEAM = M6GBWQX8ML;
				INFOPLIST_FILE = Quizware/Info.plist;
				LD_RUNPATH_SEARCH_PATHS = "$(inherited) @executable_path/Frameworks";
				PRODUCT_BUNDLE_IDENTIFIER = com.paynetech.Quizware;
				PRODUCT_NAME = "$(TARGET_NAME)";
				SWIFT_VERSION = 4.0;
				TARGETED_DEVICE_FAMILY = "1,2";
			};
			name = Release;
		};
/* End XCBuildConfiguration section */

/* Begin XCConfigurationList section */
		8AA1251A2007B90E006D92A1 /* Build configuration list for PBXProject "Quizware" */ = {
			isa = XCConfigurationList;
			buildConfigurations = (
				8AA125322007B90E006D92A1 /* Debug */,
				8AA125332007B90E006D92A1 /* Release */,
			);
			defaultConfigurationIsVisible = 0;
			defaultConfigurationName = Release;
		};
		8AA125342007B90E006D92A1 /* Build configuration list for PBXNativeTarget "Quizware" */ = {
			isa = XCConfigurationList;
			buildConfigurations = (
				8AA125352007B90E006D92A1 /* Debug */,
				8AA125362007B90E006D92A1 /* Release */,
			);
			defaultConfigurationIsVisible = 0;
			defaultConfigurationName = Release;
		};
/* End XCConfigurationList section */

/* Begin XCVersionGroup section */
		8AA125292007B90E006D92A1 /* Quizware.xcdatamodeld */ = {
			isa = XCVersionGroup;
			children = (
				8AA1252A2007B90E006D92A1 /* Quizware.xcdatamodel */,
			);
			currentVersion = 8AA1252A2007B90E006D92A1 /* Quizware.xcdatamodel */;
			path = Quizware.xcdatamodeld;
			sourceTree = "<group>";
			versionGroupType = wrapper.xcdatamodel;
		};
/* End XCVersionGroup section */
	};
	rootObject = 8AA125172007B90E006D92A1 /* Project object */;
}
